
Microsoft Visual Studio Solution File, Format Version 12.00
# Visual Studio Version 16
VisualStudioVersion = 16.0.29613.14
MinimumVisualStudioVersion = 10.0.40219.1
Project("{FAE04EC0-301F-11D3-BF4B-00C04F79EFBC}") = "BridgeProductos", "Bridge\BridgeProductos.csproj", "{D8EA03F4-9483-4A89-8FB9-829789791802}"
EndProject
Project("{FAE04EC0-301F-11D3-BF4B-00C04F79EFBC}") = "BridgeEnvios", "BridgeEnvios\BridgeEnvios.csproj", "{B29CA212-E925-4EA5-A8D9-38DFB4B97E2C}"
EndProject
Global
	GlobalSection(SolutionConfigurationPlatforms) = preSolution
		Debug|Any CPU = Debug|Any CPU
		Release|Any CPU = Release|Any CPU
	EndGlobalSection
	GlobalSection(ProjectConfigurationPlatforms) = postSolution
		{D8EA03F4-9483-4A89-8FB9-829789791802}.Debug|Any CPU.ActiveCfg = Debug|Any CPU
		{D8EA03F4-9483-4A89-8FB9-829789791802}.Debug|Any CPU.Build.0 = Debug|Any CPU
		{D8EA03F4-9483-4A89-8FB9-829789791802}.Release|Any CPU.ActiveCfg = Release|Any CPU
		{D8EA03F4-9483-4A89-8FB9-829789791802}.Release|Any CPU.Build.0 = Release|Any CPU
		{B29CA212-E925-4EA5-A8D9-38DFB4B97E2C}.Debug|Any CPU.ActiveCfg = Debug|Any CPU
		{B29CA212-E925-4EA5-A8D9-38DFB4B97E2C}.Debug|Any CPU.Build.0 = Debug|Any CPU
		{B29CA212-E925-4EA5-A8D9-38DFB4B97E2C}.Release|Any CPU.ActiveCfg = Release|Any CPU
		{B29CA212-E925-4EA5-A8D9-38DFB4B97E2C}.Release|Any CPU.Build.0 = Release|Any CPU
	EndGlobalSection
	GlobalSection(SolutionProperties) = preSolution
		HideSolutionNode = FALSE
	EndGlobalSection
	GlobalSection(ExtensibilityGlobals) = postSolution
		SolutionGuid = {26004F24-0C0A-4B10-9B06-76BA41FEB6A9}
	EndGlobalSection
EndGlobal
